{
  "nodes": {
    "fetchSWH": {
      "inputs": {
        "nixpkgs": "nixpkgs"
      },
      "locked": {
        "lastModified": 1622395100,
        "narHash": "sha256-g3Ze+xxEo0YkovlNsXuJppz3k9xhuU1Zk16nMmt+Sq0=",
        "owner": "sisyphe-re",
        "repo": "fetchSWH",
        "rev": "bd6a757204f36bcf3e24849a3afc083e52d7d1a1",
        "type": "github"
      },
      "original": {
        "owner": "sisyphe-re",
        "repo": "fetchSWH",
        "type": "github"
      }
    },
    "firmwares": {
      "inputs": {
        "fetchSWH": "fetchSWH",
        "nixpkgs": "nixpkgs_2"
      },
      "locked": {
        "lastModified": 1623345210,
        "narHash": "sha256-dI4EEfh2SfBf+oECXEx4xp9+CrNnt8xXInQ7SqIO8iM=",
        "owner": "sisyphe-re",
        "repo": "firmwares",
        "rev": "230f6cb0e2c27d966314796a57ccd00abd5a2c9e",
        "type": "github"
      },
      "original": {
        "owner": "sisyphe-re",
        "repo": "firmwares",
        "type": "github"
      }
    },
    "nixpkgs": {
      "locked": {
        "lastModified": 1622341515,
        "narHash": "sha256-lOZHRz/Rj7w41SyjEVetaoS8umzd7SRfEA+hj273iWA=",
        "owner": "NixOS",
        "repo": "nixpkgs",
        "rev": "8f014925190a6dcc532230e6354f7d9232a7c598",
        "type": "github"
      },
      "original": {
        "owner": "NixOS",
        "ref": "nixos-20.09",
        "repo": "nixpkgs",
        "type": "github"
      }
    },
    "nixpkgs_2": {
      "locked": {
        "lastModified": 1623225763,
        "narHash": "sha256-Mo0szTSr3rST1FHqCnrZw7UKNK26NmB9uyI7783LAE8=",
        "owner": "NixOS",
        "repo": "nixpkgs",
        "rev": "85ed11208f8c7c981071cc6e33a5fc60c396c38f",
        "type": "github"
      },
      "original": {
        "owner": "NixOS",
        "ref": "nixos-20.09",
        "repo": "nixpkgs",
        "type": "github"
      }
    },
    "nixpkgs_3": {
      "locked": {
        "lastModified": 1623961232,
        "narHash": "sha256-5X5v37GTBFdQnc3rvbSPJyAtO+/z1wHZF3Kz61g2Mx4=",
        "owner": "NixOS",
        "repo": "nixpkgs",
        "rev": "bad3ccd099ebe9a8aa017bda8500ab02787d90aa",
        "type": "github"
      },
      "original": {
        "owner": "NixOS",
        "ref": "nixos-21.05",
        "repo": "nixpkgs",
        "type": "github"
      }
    },
    "root": {
      "inputs": {
        "firmwares": "firmwares",
        "nixpkgs": "nixpkgs_3"
      }
    }
  },
  "root": "root",
  "version": 7
}
